// !$*UTF8*$!
{
	archiveVersion = 1;
	classes = {
	};
	objectVersion = 48;
	objects = {

/* Begin PBXBuildFile section */
		482EB1E8237C565A00B21F7B /* MoviesViewController.swift in Sources */ = {isa = PBXBuildFile; fileRef = 482EB1E7237C565A00B21F7B /* MoviesViewController.swift */; };
		482EB1EE237C5ECC00B21F7B /* MoviesListViewCell.swift in Sources */ = {isa = PBXBuildFile; fileRef = 482EB1ED237C5ECC00B21F7B /* MoviesListViewCell.swift */; };
		48385C422375C024001B8909 /* NewMoviesView.swift in Sources */ = {isa = PBXBuildFile; fileRef = 48385C412375C024001B8909 /* NewMoviesView.swift */; };
		48385C442375C5F8001B8909 /* NewMoviesCollectionViewCell.swift in Sources */ = {isa = PBXBuildFile; fileRef = 48385C432375C5F8001B8909 /* NewMoviesCollectionViewCell.swift */; };
		48385C462375D078001B8909 /* TvCategoryView.swift in Sources */ = {isa = PBXBuildFile; fileRef = 48385C452375D078001B8909 /* TvCategoryView.swift */; };
		48385C482375D8C4001B8909 /* TvCategoryViewCell.swift in Sources */ = {isa = PBXBuildFile; fileRef = 48385C472375D8C4001B8909 /* TvCategoryViewCell.swift */; };
		48385C4A2375DE7A001B8909 /* Category.swift in Sources */ = {isa = PBXBuildFile; fileRef = 48385C492375DE7A001B8909 /* Category.swift */; };
		48385C4C2375EC3E001B8909 /* TvSerieView.swift in Sources */ = {isa = PBXBuildFile; fileRef = 48385C4B2375EC3E001B8909 /* TvSerieView.swift */; };
		48385C4E2375EE1D001B8909 /* TvSerie.swift in Sources */ = {isa = PBXBuildFile; fileRef = 48385C4D2375EE1D001B8909 /* TvSerie.swift */; };
		48385C502375EF19001B8909 /* TvSerieViewCell.swift in Sources */ = {isa = PBXBuildFile; fileRef = 48385C4F2375EF19001B8909 /* TvSerieViewCell.swift */; };
		48494E6C23809602002C4ED6 /* FavouriteMovieCell.swift in Sources */ = {isa = PBXBuildFile; fileRef = 48494E6B23809602002C4ED6 /* FavouriteMovieCell.swift */; };
		4870EFC62383068B003D5381 /* InfoMovieCollectionViewCell.swift in Sources */ = {isa = PBXBuildFile; fileRef = 4870EFC52383068B003D5381 /* InfoMovieCollectionViewCell.swift */; };
		48A670BD23732BAF00B58991 /* AppDelegate.swift in Sources */ = {isa = PBXBuildFile; fileRef = 48A670BC23732BAF00B58991 /* AppDelegate.swift */; };
		48A670BF23732BAF00B58991 /* HomeViewController.swift in Sources */ = {isa = PBXBuildFile; fileRef = 48A670BE23732BAF00B58991 /* HomeViewController.swift */; };
		48A670C523732BAF00B58991 /* Movies.xcdatamodeld in Sources */ = {isa = PBXBuildFile; fileRef = 48A670C323732BAF00B58991 /* Movies.xcdatamodeld */; };
		48A670C723732BAF00B58991 /* Assets.xcassets in Resources */ = {isa = PBXBuildFile; fileRef = 48A670C623732BAF00B58991 /* Assets.xcassets */; };
		48A670CA23732BAF00B58991 /* LaunchScreen.storyboard in Resources */ = {isa = PBXBuildFile; fileRef = 48A670C823732BAF00B58991 /* LaunchScreen.storyboard */; };
		48A670D523732BAF00B58991 /* MoviesTests.swift in Sources */ = {isa = PBXBuildFile; fileRef = 48A670D423732BAF00B58991 /* MoviesTests.swift */; };
		48A670E023732BAF00B58991 /* MoviesUITests.swift in Sources */ = {isa = PBXBuildFile; fileRef = 48A670DF23732BAF00B58991 /* MoviesUITests.swift */; };
		48B0B03823842E4300B7624C /* StarView.swift in Sources */ = {isa = PBXBuildFile; fileRef = 48B0B03723842E4300B7624C /* StarView.swift */; };
		48B0B03A238436AE00B7624C /* OverviewCollectionViewCell.swift in Sources */ = {isa = PBXBuildFile; fileRef = 48B0B039238436AE00B7624C /* OverviewCollectionViewCell.swift */; };
		48B0B03C23843B9A00B7624C /* RelatedMoviesCollectionViewCell.swift in Sources */ = {isa = PBXBuildFile; fileRef = 48B0B03B23843B9A00B7624C /* RelatedMoviesCollectionViewCell.swift */; };
		48BC4D20237DCAE60049A7EC /* ProfileViewController.swift in Sources */ = {isa = PBXBuildFile; fileRef = 48BC4D1F237DCAE60049A7EC /* ProfileViewController.swift */; };
		48BC4D22237DEDB10049A7EC /* ProfileView.swift in Sources */ = {isa = PBXBuildFile; fileRef = 48BC4D21237DEDB10049A7EC /* ProfileView.swift */; };
		48BC4D24237DF0C10049A7EC /* FavouriteViewController.swift in Sources */ = {isa = PBXBuildFile; fileRef = 48BC4D23237DF0C10049A7EC /* FavouriteViewController.swift */; };
		48C8F3DC23786875001A2F5A /* TvCategoryListViewCell.swift in Sources */ = {isa = PBXBuildFile; fileRef = 48C8F3DB23786875001A2F5A /* TvCategoryListViewCell.swift */; };
		48C8F3DE237871AC001A2F5A /* TvSerieListViewController.swift in Sources */ = {isa = PBXBuildFile; fileRef = 48C8F3DD237871AC001A2F5A /* TvSerieListViewController.swift */; };
		48C8F3E0237872BE001A2F5A /* TvSerieListViewCell.swift in Sources */ = {isa = PBXBuildFile; fileRef = 48C8F3DF237872BE001A2F5A /* TvSerieListViewCell.swift */; };
		48C8F3E22378890C001A2F5A /* Movie.swift in Sources */ = {isa = PBXBuildFile; fileRef = 48C8F3E12378890C001A2F5A /* Movie.swift */; };
		48D1EFBC2381CA89003A3166 /* DetailMovieViewController.swift in Sources */ = {isa = PBXBuildFile; fileRef = 48D1EFBB2381CA89003A3166 /* DetailMovieViewController.swift */; };
		48D1EFBE2381D722003A3166 /* VideoPlayerCollectionViewCell.swift in Sources */ = {isa = PBXBuildFile; fileRef = 48D1EFBD2381D722003A3166 /* VideoPlayerCollectionViewCell.swift */; };
		48E62C6E2376BCB9004559D2 /* NavDrawerView.swift in Sources */ = {isa = PBXBuildFile; fileRef = 48E62C6D2376BCB9004559D2 /* NavDrawerView.swift */; };
		48E62C702376BD18004559D2 /* MenuCollectionViewCell.swift in Sources */ = {isa = PBXBuildFile; fileRef = 48E62C6F2376BD18004559D2 /* MenuCollectionViewCell.swift */; };
		48E62C722376BD80004559D2 /* Menu.swift in Sources */ = {isa = PBXBuildFile; fileRef = 48E62C712376BD80004559D2 /* Menu.swift */; };
		48E62C742376BEF1004559D2 /* CloseDrawerView.swift in Sources */ = {isa = PBXBuildFile; fileRef = 48E62C732376BEF1004559D2 /* CloseDrawerView.swift */; };
		48E62C762376F447004559D2 /* TvCategoryListViewController.swift in Sources */ = {isa = PBXBuildFile; fileRef = 48E62C752376F447004559D2 /* TvCategoryListViewController.swift */; };
/* End PBXBuildFile section */

/* Begin PBXContainerItemProxy section */
		48A670D123732BAF00B58991 /* PBXContainerItemProxy */ = {
			isa = PBXContainerItemProxy;
			containerPortal = 48A670B123732BAF00B58991 /* Project object */;
			proxyType = 1;
			remoteGlobalIDString = 48A670B823732BAF00B58991;
			remoteInfo = Movies;
		};
		48A670DC23732BAF00B58991 /* PBXContainerItemProxy */ = {
			isa = PBXContainerItemProxy;
			containerPortal = 48A670B123732BAF00B58991 /* Project object */;
			proxyType = 1;
			remoteGlobalIDString = 48A670B823732BAF00B58991;
			remoteInfo = Movies;
		};
/* End PBXContainerItemProxy section */

/* Begin PBXFileReference section */
		482EB1E7237C565A00B21F7B /* MoviesViewController.swift */ = {isa = PBXFileReference; lastKnownFileType = sourcecode.swift; path = MoviesViewController.swift; sourceTree = "<group>"; };
		482EB1ED237C5ECC00B21F7B /* MoviesListViewCell.swift */ = {isa = PBXFileReference; lastKnownFileType = sourcecode.swift; path = MoviesListViewCell.swift; sourceTree = "<group>"; };
		48385C412375C024001B8909 /* NewMoviesView.swift */ = {isa = PBXFileReference; lastKnownFileType = sourcecode.swift; path = NewMoviesView.swift; sourceTree = "<group>"; };
		48385C432375C5F8001B8909 /* NewMoviesCollectionViewCell.swift */ = {isa = PBXFileReference; lastKnownFileType = sourcecode.swift; path = NewMoviesCollectionViewCell.swift; sourceTree = "<group>"; };
		48385C452375D078001B8909 /* TvCategoryView.swift */ = {isa = PBXFileReference; lastKnownFileType = sourcecode.swift; path = TvCategoryView.swift; sourceTree = "<group>"; };
		48385C472375D8C4001B8909 /* TvCategoryViewCell.swift */ = {isa = PBXFileReference; lastKnownFileType = sourcecode.swift; path = TvCategoryViewCell.swift; sourceTree = "<group>"; };
		48385C492375DE7A001B8909 /* Category.swift */ = {isa = PBXFileReference; lastKnownFileType = sourcecode.swift; path = Category.swift; sourceTree = "<group>"; };
		48385C4B2375EC3E001B8909 /* TvSerieView.swift */ = {isa = PBXFileReference; lastKnownFileType = sourcecode.swift; path = TvSerieView.swift; sourceTree = "<group>"; };
		48385C4D2375EE1D001B8909 /* TvSerie.swift */ = {isa = PBXFileReference; lastKnownFileType = sourcecode.swift; path = TvSerie.swift; sourceTree = "<group>"; };
		48385C4F2375EF19001B8909 /* TvSerieViewCell.swift */ = {isa = PBXFileReference; lastKnownFileType = sourcecode.swift; path = TvSerieViewCell.swift; sourceTree = "<group>"; };
		48494E6B23809602002C4ED6 /* FavouriteMovieCell.swift */ = {isa = PBXFileReference; lastKnownFileType = sourcecode.swift; path = FavouriteMovieCell.swift; sourceTree = "<group>"; };
		4870EFC52383068B003D5381 /* InfoMovieCollectionViewCell.swift */ = {isa = PBXFileReference; lastKnownFileType = sourcecode.swift; path = InfoMovieCollectionViewCell.swift; sourceTree = "<group>"; };
		48A670B923732BAF00B58991 /* Movies.app */ = {isa = PBXFileReference; explicitFileType = wrapper.application; includeInIndex = 0; path = Movies.app; sourceTree = BUILT_PRODUCTS_DIR; };
		48A670BC23732BAF00B58991 /* AppDelegate.swift */ = {isa = PBXFileReference; lastKnownFileType = sourcecode.swift; path = AppDelegate.swift; sourceTree = "<group>"; };
		48A670BE23732BAF00B58991 /* HomeViewController.swift */ = {isa = PBXFileReference; lastKnownFileType = sourcecode.swift; path = HomeViewController.swift; sourceTree = "<group>"; };
		48A670C423732BAF00B58991 /* Movies.xcdatamodel */ = {isa = PBXFileReference; lastKnownFileType = wrapper.xcdatamodel; path = Movies.xcdatamodel; sourceTree = "<group>"; };
		48A670C623732BAF00B58991 /* Assets.xcassets */ = {isa = PBXFileReference; lastKnownFileType = folder.assetcatalog; path = Assets.xcassets; sourceTree = "<group>"; };
		48A670C923732BAF00B58991 /* Base */ = {isa = PBXFileReference; lastKnownFileType = file.storyboard; name = Base; path = Base.lproj/LaunchScreen.storyboard; sourceTree = "<group>"; };
		48A670CB23732BAF00B58991 /* Info.plist */ = {isa = PBXFileReference; lastKnownFileType = text.plist.xml; path = Info.plist; sourceTree = "<group>"; };
		48A670D023732BAF00B58991 /* MoviesTests.xctest */ = {isa = PBXFileReference; explicitFileType = wrapper.cfbundle; includeInIndex = 0; path = MoviesTests.xctest; sourceTree = BUILT_PRODUCTS_DIR; };
		48A670D423732BAF00B58991 /* MoviesTests.swift */ = {isa = PBXFileReference; lastKnownFileType = sourcecode.swift; path = MoviesTests.swift; sourceTree = "<group>"; };
		48A670D623732BAF00B58991 /* Info.plist */ = {isa = PBXFileReference; lastKnownFileType = text.plist.xml; path = Info.plist; sourceTree = "<group>"; };
		48A670DB23732BAF00B58991 /* MoviesUITests.xctest */ = {isa = PBXFileReference; explicitFileType = wrapper.cfbundle; includeInIndex = 0; path = MoviesUITests.xctest; sourceTree = BUILT_PRODUCTS_DIR; };
		48A670DF23732BAF00B58991 /* MoviesUITests.swift */ = {isa = PBXFileReference; lastKnownFileType = sourcecode.swift; path = MoviesUITests.swift; sourceTree = "<group>"; };
		48A670E123732BAF00B58991 /* Info.plist */ = {isa = PBXFileReference; lastKnownFileType = text.plist.xml; path = Info.plist; sourceTree = "<group>"; };
		48B0B03723842E4300B7624C /* StarView.swift */ = {isa = PBXFileReference; lastKnownFileType = sourcecode.swift; path = StarView.swift; sourceTree = "<group>"; };
		48B0B039238436AE00B7624C /* OverviewCollectionViewCell.swift */ = {isa = PBXFileReference; lastKnownFileType = sourcecode.swift; path = OverviewCollectionViewCell.swift; sourceTree = "<group>"; };
		48B0B03B23843B9A00B7624C /* RelatedMoviesCollectionViewCell.swift */ = {isa = PBXFileReference; lastKnownFileType = sourcecode.swift; path = RelatedMoviesCollectionViewCell.swift; sourceTree = "<group>"; };
		48BC4D1F237DCAE60049A7EC /* ProfileViewController.swift */ = {isa = PBXFileReference; lastKnownFileType = sourcecode.swift; path = ProfileViewController.swift; sourceTree = "<group>"; };
		48BC4D21237DEDB10049A7EC /* ProfileView.swift */ = {isa = PBXFileReference; lastKnownFileType = sourcecode.swift; path = ProfileView.swift; sourceTree = "<group>"; };
		48BC4D23237DF0C10049A7EC /* FavouriteViewController.swift */ = {isa = PBXFileReference; lastKnownFileType = sourcecode.swift; path = FavouriteViewController.swift; sourceTree = "<group>"; };
		48C8F3DB23786875001A2F5A /* TvCategoryListViewCell.swift */ = {isa = PBXFileReference; lastKnownFileType = sourcecode.swift; path = TvCategoryListViewCell.swift; sourceTree = "<group>"; };
		48C8F3DD237871AC001A2F5A /* TvSerieListViewController.swift */ = {isa = PBXFileReference; lastKnownFileType = sourcecode.swift; path = TvSerieListViewController.swift; sourceTree = "<group>"; };
		48C8F3DF237872BE001A2F5A /* TvSerieListViewCell.swift */ = {isa = PBXFileReference; lastKnownFileType = sourcecode.swift; path = TvSerieListViewCell.swift; sourceTree = "<group>"; };
		48C8F3E12378890C001A2F5A /* Movie.swift */ = {isa = PBXFileReference; lastKnownFileType = sourcecode.swift; path = Movie.swift; sourceTree = "<group>"; };
		48D1EFBB2381CA89003A3166 /* DetailMovieViewController.swift */ = {isa = PBXFileReference; lastKnownFileType = sourcecode.swift; path = DetailMovieViewController.swift; sourceTree = "<group>"; };
		48D1EFBD2381D722003A3166 /* VideoPlayerCollectionViewCell.swift */ = {isa = PBXFileReference; lastKnownFileType = sourcecode.swift; path = VideoPlayerCollectionViewCell.swift; sourceTree = "<group>"; };
		48E62C6D2376BCB9004559D2 /* NavDrawerView.swift */ = {isa = PBXFileReference; lastKnownFileType = sourcecode.swift; path = NavDrawerView.swift; sourceTree = "<group>"; };
		48E62C6F2376BD18004559D2 /* MenuCollectionViewCell.swift */ = {isa = PBXFileReference; lastKnownFileType = sourcecode.swift; path = MenuCollectionViewCell.swift; sourceTree = "<group>"; };
		48E62C712376BD80004559D2 /* Menu.swift */ = {isa = PBXFileReference; lastKnownFileType = sourcecode.swift; path = Menu.swift; sourceTree = "<group>"; };
		48E62C732376BEF1004559D2 /* CloseDrawerView.swift */ = {isa = PBXFileReference; lastKnownFileType = sourcecode.swift; path = CloseDrawerView.swift; sourceTree = "<group>"; };
		48E62C752376F447004559D2 /* TvCategoryListViewController.swift */ = {isa = PBXFileReference; lastKnownFileType = sourcecode.swift; path = TvCategoryListViewController.swift; sourceTree = "<group>"; };
/* End PBXFileReference section */

/* Begin PBXFrameworksBuildPhase section */
		48A670B623732BAF00B58991 /* Frameworks */ = {
			isa = PBXFrameworksBuildPhase;
			buildActionMask = 2147483647;
			files = (
			);
			runOnlyForDeploymentPostprocessing = 0;
		};
		48A670CD23732BAF00B58991 /* Frameworks */ = {
			isa = PBXFrameworksBuildPhase;
			buildActionMask = 2147483647;
			files = (
			);
			runOnlyForDeploymentPostprocessing = 0;
		};
		48A670D823732BAF00B58991 /* Frameworks */ = {
			isa = PBXFrameworksBuildPhase;
			buildActionMask = 2147483647;
			files = (
			);
			runOnlyForDeploymentPostprocessing = 0;
		};
/* End PBXFrameworksBuildPhase section */

/* Begin PBXGroup section */
		48A670B023732BAF00B58991 = {
			isa = PBXGroup;
			children = (
				48A670BB23732BAF00B58991 /* Movies */,
				48A670D323732BAF00B58991 /* MoviesTests */,
				48A670DE23732BAF00B58991 /* MoviesUITests */,
				48A670BA23732BAF00B58991 /* Products */,
			);
			sourceTree = "<group>";
		};
		48A670BA23732BAF00B58991 /* Products */ = {
			isa = PBXGroup;
			children = (
				48A670B923732BAF00B58991 /* Movies.app */,
				48A670D023732BAF00B58991 /* MoviesTests.xctest */,
				48A670DB23732BAF00B58991 /* MoviesUITests.xctest */,
			);
			name = Products;
			sourceTree = "<group>";
		};
		48A670BB23732BAF00B58991 /* Movies */ = {
			isa = PBXGroup;
			children = (
				48A670EF23732CFC00B58991 /* Model */,
				48A670EE23732CF400B58991 /* View */,
				48A670ED23732C8B00B58991 /* Controller */,
				48A670BC23732BAF00B58991 /* AppDelegate.swift */,
				48A670C623732BAF00B58991 /* Assets.xcassets */,
				48A670C823732BAF00B58991 /* LaunchScreen.storyboard */,
				48A670CB23732BAF00B58991 /* Info.plist */,
				48A670C323732BAF00B58991 /* Movies.xcdatamodeld */,
			);
			path = Movies;
			sourceTree = "<group>";
		};
		48A670D323732BAF00B58991 /* MoviesTests */ = {
			isa = PBXGroup;
			children = (
				48A670D423732BAF00B58991 /* MoviesTests.swift */,
				48A670D623732BAF00B58991 /* Info.plist */,
			);
			path = MoviesTests;
			sourceTree = "<group>";
		};
		48A670DE23732BAF00B58991 /* MoviesUITests */ = {
			isa = PBXGroup;
			children = (
				48A670DF23732BAF00B58991 /* MoviesUITests.swift */,
				48A670E123732BAF00B58991 /* Info.plist */,
			);
			path = MoviesUITests;
			sourceTree = "<group>";
		};
		48A670ED23732C8B00B58991 /* Controller */ = {
			isa = PBXGroup;
			children = (
				48A670BE23732BAF00B58991 /* HomeViewController.swift */,
				48E62C752376F447004559D2 /* TvCategoryListViewController.swift */,
				48C8F3DD237871AC001A2F5A /* TvSerieListViewController.swift */,
				482EB1E7237C565A00B21F7B /* MoviesViewController.swift */,
				48BC4D1F237DCAE60049A7EC /* ProfileViewController.swift */,
				48BC4D23237DF0C10049A7EC /* FavouriteViewController.swift */,
				48D1EFBB2381CA89003A3166 /* DetailMovieViewController.swift */,
			);
			path = Controller;
			sourceTree = "<group>";
		};
		48A670EE23732CF400B58991 /* View */ = {
			isa = PBXGroup;
			children = (
				48385C412375C024001B8909 /* NewMoviesView.swift */,
				48385C432375C5F8001B8909 /* NewMoviesCollectionViewCell.swift */,
				48385C452375D078001B8909 /* TvCategoryView.swift */,
				48385C472375D8C4001B8909 /* TvCategoryViewCell.swift */,
				48385C4B2375EC3E001B8909 /* TvSerieView.swift */,
				48385C4F2375EF19001B8909 /* TvSerieViewCell.swift */,
				48E62C6D2376BCB9004559D2 /* NavDrawerView.swift */,
				48E62C6F2376BD18004559D2 /* MenuCollectionViewCell.swift */,
				48E62C732376BEF1004559D2 /* CloseDrawerView.swift */,
				48C8F3DB23786875001A2F5A /* TvCategoryListViewCell.swift */,
				48C8F3DF237872BE001A2F5A /* TvSerieListViewCell.swift */,
				482EB1ED237C5ECC00B21F7B /* MoviesListViewCell.swift */,
				48BC4D21237DEDB10049A7EC /* ProfileView.swift */,
				48494E6B23809602002C4ED6 /* FavouriteMovieCell.swift */,
				48D1EFBD2381D722003A3166 /* VideoPlayerCollectionViewCell.swift */,
				4870EFC52383068B003D5381 /* InfoMovieCollectionViewCell.swift */,
				48B0B03723842E4300B7624C /* StarView.swift */,
				48B0B039238436AE00B7624C /* OverviewCollectionViewCell.swift */,
				48B0B03B23843B9A00B7624C /* RelatedMoviesCollectionViewCell.swift */,
			);
			path = View;
			sourceTree = "<group>";
		};
		48A670EF23732CFC00B58991 /* Model */ = {
			isa = PBXGroup;
			children = (
				48385C492375DE7A001B8909 /* Category.swift */,
				48385C4D2375EE1D001B8909 /* TvSerie.swift */,
				48E62C712376BD80004559D2 /* Menu.swift */,
				48C8F3E12378890C001A2F5A /* Movie.swift */,
			);
			path = Model;
			sourceTree = "<group>";
		};
/* End PBXGroup section */

/* Begin PBXNativeTarget section */
		48A670B823732BAF00B58991 /* Movies */ = {
			isa = PBXNativeTarget;
			buildConfigurationList = 48A670E423732BAF00B58991 /* Build configuration list for PBXNativeTarget "Movies" */;
			buildPhases = (
				48A670B523732BAF00B58991 /* Sources */,
				48A670B623732BAF00B58991 /* Frameworks */,
				48A670B723732BAF00B58991 /* Resources */,
			);
			buildRules = (
			);
			dependencies = (
			);
			name = Movies;
			productName = Movies;
			productReference = 48A670B923732BAF00B58991 /* Movies.app */;
			productType = "com.apple.product-type.application";
		};
		48A670CF23732BAF00B58991 /* MoviesTests */ = {
			isa = PBXNativeTarget;
			buildConfigurationList = 48A670E723732BAF00B58991 /* Build configuration list for PBXNativeTarget "MoviesTests" */;
			buildPhases = (
				48A670CC23732BAF00B58991 /* Sources */,
				48A670CD23732BAF00B58991 /* Frameworks */,
				48A670CE23732BAF00B58991 /* Resources */,
			);
			buildRules = (
			);
			dependencies = (
				48A670D223732BAF00B58991 /* PBXTargetDependency */,
			);
			name = MoviesTests;
			productName = MoviesTests;
			productReference = 48A670D023732BAF00B58991 /* MoviesTests.xctest */;
			productType = "com.apple.product-type.bundle.unit-test";
		};
		48A670DA23732BAF00B58991 /* MoviesUITests */ = {
			isa = PBXNativeTarget;
			buildConfigurationList = 48A670EA23732BAF00B58991 /* Build configuration list for PBXNativeTarget "MoviesUITests" */;
			buildPhases = (
				48A670D723732BAF00B58991 /* Sources */,
				48A670D823732BAF00B58991 /* Frameworks */,
				48A670D923732BAF00B58991 /* Resources */,
			);
			buildRules = (
			);
			dependencies = (
				48A670DD23732BAF00B58991 /* PBXTargetDependency */,
			);
			name = MoviesUITests;
			productName = MoviesUITests;
			productReference = 48A670DB23732BAF00B58991 /* MoviesUITests.xctest */;
			productType = "com.apple.product-type.bundle.ui-testing";
		};
/* End PBXNativeTarget section */

/* Begin PBXProject section */
		48A670B123732BAF00B58991 /* Project object */ = {
			isa = PBXProject;
			attributes = {
				LastSwiftUpdateCheck = 0920;
				LastUpgradeCheck = 0920;
				ORGANIZATIONNAME = "MACBOOK PRO RETINA";
				TargetAttributes = {
					48A670B823732BAF00B58991 = {
						CreatedOnToolsVersion = 9.2;
						ProvisioningStyle = Automatic;
					};
					48A670CF23732BAF00B58991 = {
						CreatedOnToolsVersion = 9.2;
						ProvisioningStyle = Automatic;
						TestTargetID = 48A670B823732BAF00B58991;
					};
					48A670DA23732BAF00B58991 = {
						CreatedOnToolsVersion = 9.2;
						ProvisioningStyle = Automatic;
						TestTargetID = 48A670B823732BAF00B58991;
					};
				};
			};
			buildConfigurationList = 48A670B423732BAF00B58991 /* Build configuration list for PBXProject "Movies" */;
			compatibilityVersion = "Xcode 8.0";
			developmentRegion = en;
			hasScannedForEncodings = 0;
			knownRegions = (
				en,
				Base,
			);
			mainGroup = 48A670B023732BAF00B58991;
			productRefGroup = 48A670BA23732BAF00B58991 /* Products */;
			projectDirPath = "";
			projectRoot = "";
			targets = (
				48A670B823732BAF00B58991 /* Movies */,
				48A670CF23732BAF00B58991 /* MoviesTests */,
				48A670DA23732BAF00B58991 /* MoviesUITests */,
			);
		};
/* End PBXProject section */

/* Begin PBXResourcesBuildPhase section */
		48A670B723732BAF00B58991 /* Resources */ = {
			isa = PBXResourcesBuildPhase;
			buildActionMask = 2147483647;
			files = (
				48A670CA23732BAF00B58991 /* LaunchScreen.storyboard in Resources */,
				48A670C723732BAF00B58991 /* Assets.xcassets in Resources */,
			);
			runOnlyForDeploymentPostprocessing = 0;
		};
		48A670CE23732BAF00B58991 /* Resources */ = {
			isa = PBXResourcesBuildPhase;
			buildActionMask = 2147483647;
			files = (
			);
			runOnlyForDeploymentPostprocessing = 0;
		};
		48A670D923732BAF00B58991 /* Resources */ = {
			isa = PBXResourcesBuildPhase;
			buildActionMask = 2147483647;
			files = (
			);
			runOnlyForDeploymentPostprocessing = 0;
		};
/* End PBXResourcesBuildPhase section */

/* Begin PBXSourcesBuildPhase section */
		48A670B523732BAF00B58991 /* Sources */ = {
			isa = PBXSourcesBuildPhase;
			buildActionMask = 2147483647;
			files = (
				48E62C762376F447004559D2 /* TvCategoryListViewController.swift in Sources */,
				48E62C742376BEF1004559D2 /* CloseDrawerView.swift in Sources */,
				48C8F3E0237872BE001A2F5A /* TvSerieListViewCell.swift in Sources */,
				48385C462375D078001B8909 /* TvCategoryView.swift in Sources */,
				48A670BF23732BAF00B58991 /* HomeViewController.swift in Sources */,
				482EB1E8237C565A00B21F7B /* MoviesViewController.swift in Sources */,
				48E62C722376BD80004559D2 /* Menu.swift in Sources */,
				48A670C523732BAF00B58991 /* Movies.xcdatamodeld in Sources */,
				48BC4D24237DF0C10049A7EC /* FavouriteViewController.swift in Sources */,
				48D1EFBE2381D722003A3166 /* VideoPlayerCollectionViewCell.swift in Sources */,
				48B0B03A238436AE00B7624C /* OverviewCollectionViewCell.swift in Sources */,
				48E62C6E2376BCB9004559D2 /* NavDrawerView.swift in Sources */,
				48E62C702376BD18004559D2 /* MenuCollectionViewCell.swift in Sources */,
				48385C442375C5F8001B8909 /* NewMoviesCollectionViewCell.swift in Sources */,
				48494E6C23809602002C4ED6 /* FavouriteMovieCell.swift in Sources */,
				48385C4E2375EE1D001B8909 /* TvSerie.swift in Sources */,
				48385C422375C024001B8909 /* NewMoviesView.swift in Sources */,
				482EB1EE237C5ECC00B21F7B /* MoviesListViewCell.swift in Sources */,
				48A670BD23732BAF00B58991 /* AppDelegate.swift in Sources */,
				48B0B03823842E4300B7624C /* StarView.swift in Sources */,
				48BC4D20237DCAE60049A7EC /* ProfileViewController.swift in Sources */,
				48BC4D22237DEDB10049A7EC /* ProfileView.swift in Sources */,
				48D1EFBC2381CA89003A3166 /* DetailMovieViewController.swift in Sources */,
				48385C502375EF19001B8909 /* TvSerieViewCell.swift in Sources */,
				48C8F3E22378890C001A2F5A /* Movie.swift in Sources */,
				48385C4C2375EC3E001B8909 /* TvSerieView.swift in Sources */,
				48385C482375D8C4001B8909 /* TvCategoryViewCell.swift in Sources */,
				48B0B03C23843B9A00B7624C /* RelatedMoviesCollectionViewCell.swift in Sources */,
				48C8F3DC23786875001A2F5A /* TvCategoryListViewCell.swift in Sources */,
				48385C4A2375DE7A001B8909 /* Category.swift in Sources */,
				48C8F3DE237871AC001A2F5A /* TvSerieListViewController.swift in Sources */,
				4870EFC62383068B003D5381 /* InfoMovieCollectionViewCell.swift in Sources */,
			);
			runOnlyForDeploymentPostprocessing = 0;
		};
		48A670CC23732BAF00B58991 /* Sources */ = {
			isa = PBXSourcesBuildPhase;
			buildActionMask = 2147483647;
			files = (
				48A670D523732BAF00B58991 /* MoviesTests.swift in Sources */,
			);
			runOnlyForDeploymentPostprocessing = 0;
		};
		48A670D723732BAF00B58991 /* Sources */ = {
			isa = PBXSourcesBuildPhase;
			buildActionMask = 2147483647;
			files = (
				48A670E023732BAF00B58991 /* MoviesUITests.swift in Sources */,
			);
			runOnlyForDeploymentPostprocessing = 0;
		};
/* End PBXSourcesBuildPhase section */

/* Begin PBXTargetDependency section */
		48A670D223732BAF00B58991 /* PBXTargetDependency */ = {
			isa = PBXTargetDependency;
			target = 48A670B823732BAF00B58991 /* Movies */;
			targetProxy = 48A670D123732BAF00B58991 /* PBXContainerItemProxy */;
		};
		48A670DD23732BAF00B58991 /* PBXTargetDependency */ = {
			isa = PBXTargetDependency;
			target = 48A670B823732BAF00B58991 /* Movies */;
			targetProxy = 48A670DC23732BAF00B58991 /* PBXContainerItemProxy */;
		};
/* End PBXTargetDependency section */

/* Begin PBXVariantGroup section */
		48A670C823732BAF00B58991 /* LaunchScreen.storyboard */ = {
			isa = PBXVariantGroup;
			children = (
				48A670C923732BAF00B58991 /* Base */,
			);
			name = LaunchScreen.storyboard;
			sourceTree = "<group>";
		};
/* End PBXVariantGroup section */

/* Begin XCBuildConfiguration section */
		48A670E223732BAF00B58991 /* Debug */ = {
			isa = XCBuildConfiguration;
			buildSettings = {
				ALWAYS_SEARCH_USER_PATHS = NO;
				CLANG_ANALYZER_NONNULL = YES;
				CLANG_ANALYZER_NUMBER_OBJECT_CONVERSION = YES_AGGRESSIVE;
				CLANG_CXX_LANGUAGE_STANDARD = "gnu++14";
				CLANG_CXX_LIBRARY = "libc++";
				CLANG_ENABLE_MODULES = YES;
				CLANG_ENABLE_OBJC_ARC = YES;
				CLANG_WARN_BLOCK_CAPTURE_AUTORELEASING = YES;
				CLANG_WARN_BOOL_CONVERSION = YES;
				CLANG_WARN_COMMA = YES;
				CLANG_WARN_CONSTANT_CONVERSION = YES;
				CLANG_WARN_DIRECT_OBJC_ISA_USAGE = YES_ERROR;
				CLANG_WARN_DOCUMENTATION_COMMENTS = YES;
				CLANG_WARN_EMPTY_BODY = YES;
				CLANG_WARN_ENUM_CONVERSION = YES;
				CLANG_WARN_INFINITE_RECURSION = YES;
				CLANG_WARN_INT_CONVERSION = YES;
				CLANG_WARN_NON_LITERAL_NULL_CONVERSION = YES;
				CLANG_WARN_OBJC_LITERAL_CONVERSION = YES;
				CLANG_WARN_OBJC_ROOT_CLASS = YES_ERROR;
				CLANG_WARN_RANGE_LOOP_ANALYSIS = YES;
				CLANG_WARN_STRICT_PROTOTYPES = YES;
				CLANG_WARN_SUSPICIOUS_MOVE = YES;
				CLANG_WARN_UNGUARDED_AVAILABILITY = YES_AGGRESSIVE;
				CLANG_WARN_UNREACHABLE_CODE = YES;
				CLANG_WARN__DUPLICATE_METHOD_MATCH = YES;
				CODE_SIGN_IDENTITY = "iPhone Developer";
				COPY_PHASE_STRIP = NO;
				DEBUG_INFORMATION_FORMAT = dwarf;
				ENABLE_STRICT_OBJC_MSGSEND = YES;
				ENABLE_TESTABILITY = YES;
				GCC_C_LANGUAGE_STANDARD = gnu11;
				GCC_DYNAMIC_NO_PIC = NO;
				GCC_NO_COMMON_BLOCKS = YES;
				GCC_OPTIMIZATION_LEVEL = 0;
				GCC_PREPROCESSOR_DEFINITIONS = (
					"DEBUG=1",
					"$(inherited)",
				);
				GCC_WARN_64_TO_32_BIT_CONVERSION = YES;
				GCC_WARN_ABOUT_RETURN_TYPE = YES_ERROR;
				GCC_WARN_UNDECLARED_SELECTOR = YES;
				GCC_WARN_UNINITIALIZED_AUTOS = YES_AGGRESSIVE;
				GCC_WARN_UNUSED_FUNCTION = YES;
				GCC_WARN_UNUSED_VARIABLE = YES;
				IPHONEOS_DEPLOYMENT_TARGET = 11.2;
				MTL_ENABLE_DEBUG_INFO = YES;
				ONLY_ACTIVE_ARCH = YES;
				SDKROOT = iphoneos;
				SWIFT_ACTIVE_COMPILATION_CONDITIONS = DEBUG;
				SWIFT_OPTIMIZATION_LEVEL = "-Onone";
			};
			name = Debug;
		};
		48A670E323732BAF00B58991 /* Release */ = {
			isa = XCBuildConfiguration;
			buildSettings = {
				ALWAYS_SEARCH_USER_PATHS = NO;
				CLANG_ANALYZER_NONNULL = YES;
				CLANG_ANALYZER_NUMBER_OBJECT_CONVERSION = YES_AGGRESSIVE;
				CLANG_CXX_LANGUAGE_STANDARD = "gnu++14";
				CLANG_CXX_LIBRARY = "libc++";
				CLANG_ENABLE_MODULES = YES;
				CLANG_ENABLE_OBJC_ARC = YES;
				CLANG_WARN_BLOCK_CAPTURE_AUTORELEASING = YES;
				CLANG_WARN_BOOL_CONVERSION = YES;
				CLANG_WARN_COMMA = YES;
				CLANG_WARN_CONSTANT_CONVERSION = YES;
				CLANG_WARN_DIRECT_OBJC_ISA_USAGE = YES_ERROR;
				CLANG_WARN_DOCUMENTATION_COMMENTS = YES;
				CLANG_WARN_EMPTY_BODY = YES;
				CLANG_WARN_ENUM_CONVERSION = YES;
				CLANG_WARN_INFINITE_RECURSION = YES;
				CLANG_WARN_INT_CONVERSION = YES;
				CLANG_WARN_NON_LITERAL_NULL_CONVERSION = YES;
				CLANG_WARN_OBJC_LITERAL_CONVERSION = YES;
				CLANG_WARN_OBJC_ROOT_CLASS = YES_ERROR;
				CLANG_WARN_RANGE_LOOP_ANALYSIS = YES;
				CLANG_WARN_STRICT_PROTOTYPES = YES;
				CLANG_WARN_SUSPICIOUS_MOVE = YES;
				CLANG_WARN_UNGUARDED_AVAILABILITY = YES_AGGRESSIVE;
				CLANG_WARN_UNREACHABLE_CODE = YES;
				CLANG_WARN__DUPLICATE_METHOD_MATCH = YES;
				CODE_SIGN_IDENTITY = "iPhone Developer";
				COPY_PHASE_STRIP = NO;
				DEBUG_INFORMATION_FORMAT = "dwarf-with-dsym";
				ENABLE_NS_ASSERTIONS = NO;
				ENABLE_STRICT_OBJC_MSGSEND = YES;
				GCC_C_LANGUAGE_STANDARD = gnu11;
				GCC_NO_COMMON_BLOCKS = YES;
				GCC_WARN_64_TO_32_BIT_CONVERSION = YES;
				GCC_WARN_ABOUT_RETURN_TYPE = YES_ERROR;
				GCC_WARN_UNDECLARED_SELECTOR = YES;
				GCC_WARN_UNINITIALIZED_AUTOS = YES_AGGRESSIVE;
				GCC_WARN_UNUSED_FUNCTION = YES;
				GCC_WARN_UNUSED_VARIABLE = YES;
				IPHONEOS_DEPLOYMENT_TARGET = 11.2;
				MTL_ENABLE_DEBUG_INFO = NO;
				SDKROOT = iphoneos;
				SWIFT_OPTIMIZATION_LEVEL = "-Owholemodule";
				VALIDATE_PRODUCT = YES;
			};
			name = Release;
		};
		48A670E523732BAF00B58991 /* Debug */ = {
			isa = XCBuildConfiguration;
			buildSettings = {
				ASSETCATALOG_COMPILER_APPICON_NAME = AppIcon;
				CODE_SIGN_STYLE = Automatic;
				DEVELOPMENT_TEAM = WG5JPDZ522;
				INFOPLIST_FILE = Movies/Info.plist;
				LD_RUNPATH_SEARCH_PATHS = "$(inherited) @executable_path/Frameworks";
				PRODUCT_BUNDLE_IDENTIFIER = test.Movies;
				PRODUCT_NAME = "$(TARGET_NAME)";
				SWIFT_VERSION = 4.0;
				TARGETED_DEVICE_FAMILY = "1,2";
			};
			name = Debug;
		};
		48A670E623732BAF00B58991 /* Release */ = {
			isa = XCBuildConfiguration;
			buildSettings = {
				ASSETCATALOG_COMPILER_APPICON_NAME = AppIcon;
				CODE_SIGN_STYLE = Automatic;
				DEVELOPMENT_TEAM = WG5JPDZ522;
				INFOPLIST_FILE = Movies/Info.plist;
				LD_RUNPATH_SEARCH_PATHS = "$(inherited) @executable_path/Frameworks";
				PRODUCT_BUNDLE_IDENTIFIER = test.Movies;
				PRODUCT_NAME = "$(TARGET_NAME)";
				SWIFT_VERSION = 4.0;
				TARGETED_DEVICE_FAMILY = "1,2";
			};
			name = Release;
		};
		48A670E823732BAF00B58991 /* Debug */ = {
			isa = XCBuildConfiguration;
			buildSettings = {
				ALWAYS_EMBED_SWIFT_STANDARD_LIBRARIES = YES;
				BUNDLE_LOADER = "$(TEST_HOST)";
				CODE_SIGN_STYLE = Automatic;
				DEVELOPMENT_TEAM = WG5JPDZ522;
				INFOPLIST_FILE = MoviesTests/Info.plist;
				LD_RUNPATH_SEARCH_PATHS = "$(inherited) @executable_path/Frameworks @loader_path/Frameworks";
				PRODUCT_BUNDLE_IDENTIFIER = test.MoviesTests;
				PRODUCT_NAME = "$(TARGET_NAME)";
				SWIFT_VERSION = 4.0;
				TARGETED_DEVICE_FAMILY = "1,2";
				TEST_HOST = "$(BUILT_PRODUCTS_DIR)/Movies.app/Movies";
			};
			name = Debug;
		};
		48A670E923732BAF00B58991 /* Release */ = {
			isa = XCBuildConfiguration;
			buildSettings = {
				ALWAYS_EMBED_SWIFT_STANDARD_LIBRARIES = YES;
				BUNDLE_LOADER = "$(TEST_HOST)";
				CODE_SIGN_STYLE = Automatic;
				DEVELOPMENT_TEAM = WG5JPDZ522;
				INFOPLIST_FILE = MoviesTests/Info.plist;
				LD_RUNPATH_SEARCH_PATHS = "$(inherited) @executable_path/Frameworks @loader_path/Frameworks";
				PRODUCT_BUNDLE_IDENTIFIER = test.MoviesTests;
				PRODUCT_NAME = "$(TARGET_NAME)";
				SWIFT_VERSION = 4.0;
				TARGETED_DEVICE_FAMILY = "1,2";
				TEST_HOST = "$(BUILT_PRODUCTS_DIR)/Movies.app/Movies";
			};
			name = Release;
		};
		48A670EB23732BAF00B58991 /* Debug */ = {
			isa = XCBuildConfiguration;
			buildSettings = {
				ALWAYS_EMBED_SWIFT_STANDARD_LIBRARIES = YES;
				CODE_SIGN_STYLE = Automatic;
				DEVELOPMENT_TEAM = WG5JPDZ522;
				INFOPLIST_FILE = MoviesUITests/Info.plist;
				LD_RUNPATH_SEARCH_PATHS = "$(inherited) @executable_path/Frameworks @loader_path/Frameworks";
				PRODUCT_BUNDLE_IDENTIFIER = test.MoviesUITests;
				PRODUCT_NAME = "$(TARGET_NAME)";
				SWIFT_VERSION = 4.0;
				TARGETED_DEVICE_FAMILY = "1,2";
				TEST_TARGET_NAME = Movies;
			};
			name = Debug;
		};
		48A670EC23732BAF00B58991 /* Release */ = {
			isa = XCBuildConfiguration;
			buildSettings = {
				ALWAYS_EMBED_SWIFT_STANDARD_LIBRARIES = YES;
				CODE_SIGN_STYLE = Automatic;
				DEVELOPMENT_TEAM = WG5JPDZ522;
				INFOPLIST_FILE = MoviesUITests/Info.plist;
				LD_RUNPATH_SEARCH_PATHS = "$(inherited) @executable_path/Frameworks @loader_path/Frameworks";
				PRODUCT_BUNDLE_IDENTIFIER = test.MoviesUITests;
				PRODUCT_NAME = "$(TARGET_NAME)";
				SWIFT_VERSION = 4.0;
				TARGETED_DEVICE_FAMILY = "1,2";
				TEST_TARGET_NAME = Movies;
			};
			name = Release;
		};
/* End XCBuildConfiguration section */

/* Begin XCConfigurationList section */
		48A670B423732BAF00B58991 /* Build configuration list for PBXProject "Movies" */ = {
			isa = XCConfigurationList;
			buildConfigurations = (
				48A670E223732BAF00B58991 /* Debug */,
				48A670E323732BAF00B58991 /* Release */,
			);
			defaultConfigurationIsVisible = 0;
			defaultConfigurationName = Release;
		};
		48A670E423732BAF00B58991 /* Build configuration list for PBXNativeTarget "Movies" */ = {
			isa = XCConfigurationList;
			buildConfigurations = (
				48A670E523732BAF00B58991 /* Debug */,
				48A670E623732BAF00B58991 /* Release */,
			);
			defaultConfigurationIsVisible = 0;
			defaultConfigurationName = Release;
		};
		48A670E723732BAF00B58991 /* Build configuration list for PBXNativeTarget "MoviesTests" */ = {
			isa = XCConfigurationList;
			buildConfigurations = (
				48A670E823732BAF00B58991 /* Debug */,
				48A670E923732BAF00B58991 /* Release */,
			);
			defaultConfigurationIsVisible = 0;
			defaultConfigurationName = Release;
		};
		48A670EA23732BAF00B58991 /* Build configuration list for PBXNativeTarget "MoviesUITests" */ = {
			isa = XCConfigurationList;
			buildConfigurations = (
				48A670EB23732BAF00B58991 /* Debug */,
				48A670EC23732BAF00B58991 /* Release */,
			);
			defaultConfigurationIsVisible = 0;
			defaultConfigurationName = Release;
		};
/* End XCConfigurationList section */

/* Begin XCVersionGroup section */
		48A670C323732BAF00B58991 /* Movies.xcdatamodeld */ = {
			isa = XCVersionGroup;
			children = (
				48A670C423732BAF00B58991 /* Movies.xcdatamodel */,
			);
			currentVersion = 48A670C423732BAF00B58991 /* Movies.xcdatamodel */;
			path = Movies.xcdatamodeld;
			sourceTree = "<group>";
			versionGroupType = wrapper.xcdatamodel;
		};
/* End XCVersionGroup section */
	};
	rootObject = 48A670B123732BAF00B58991 /* Project object */;
}
